
Microsoft Visual Studio Solution File, Format Version 12.00
# Visual Studio Version 17
VisualStudioVersion = 17.4.33205.214
MinimumVisualStudioVersion = 10.0.40219.1
Project("{9A19103F-16F7-4668-BE54-9A1E7A4F7556}") = "PropertyPortfolioManager.Models", "PropertyPortfolioManager.Models\PropertyPortfolioManager.Models.csproj", "{87EDC298-ED76-4BE7-818B-1402839332F0}"
EndProject
Project("{00D1A9C2-B5F0-4AF3-8072-F6C62B433612}") = "PropertyPortfolioManager.Database", "PropertyPortfolioManager.Database\PropertyPortfolioManager.Database.sqlproj", "{05DEB012-55A2-44C0-A464-637412F4D858}"
EndProject
Project("{9A19103F-16F7-4668-BE54-9A1E7A4F7556}") = "PropertyPortfolioManager.Client", "PropertyPortfolioManager.Client\PropertyPortfolioManager.Client.csproj", "{C68E4984-216E-4BA1-BDF3-A5B69E02D73A}"
EndProject
Project("{9A19103F-16F7-4668-BE54-9A1E7A4F7556}") = "PropertyPortfolioManager.Server", "PropertyPortfolioManager.Server\PropertyPortfolioManager.Server.csproj", "{ED948B7E-C530-4E0E-B710-3E06BBA151F0}"
EndProject
Project("{9A19103F-16F7-4668-BE54-9A1E7A4F7556}") = "PropertyPortfolioManager.Server.Services", "PropertyPortfolioManager.Server.Services\PropertyPortfolioManager.Server.Services.csproj", "{CF4C643A-3559-44C2-9BE1-824BAE8E50E1}"
EndProject
Project("{9A19103F-16F7-4668-BE54-9A1E7A4F7556}") = "PropertyPortfolioManager.Server.Services.Interfaces", "PropertyPortfolioManager.Server.Services.Interfaces\PropertyPortfolioManager.Server.Services.Interfaces.csproj", "{106A2328-BD64-49A1-A174-29CD8E512B1C}"
EndProject
Project("{9A19103F-16F7-4668-BE54-9A1E7A4F7556}") = "PropertyPortfolioManager.Server.Repositories.Interfaces", "PropertyPortfolioManager.Server.Repositories.Interfaces\PropertyPortfolioManager.Server.Repositories.Interfaces.csproj", "{7CC7AF6F-AE5B-4D4D-94DB-FB72FBE94AF1}"
EndProject
Project("{9A19103F-16F7-4668-BE54-9A1E7A4F7556}") = "PropertyPortfolioManager.Server.Repositories", "PropertyPortfolioManager.Server.Repositories\PropertyPortfolioManager.Server.Repositories.csproj", "{C649C1D9-CE1D-40C6-9195-DC2D204ADDCA}"
EndProject
Project("{9A19103F-16F7-4668-BE54-9A1E7A4F7556}") = "PropertyPortfolioManager.Server.Services.Tests", "PropertyPortfolioManager.Server.Services.Tests\PropertyPortfolioManager.Server.Services.Tests.csproj", "{EB7E295B-3531-4F68-B890-7AF82AB44704}"
EndProject
Project("{9A19103F-16F7-4668-BE54-9A1E7A4F7556}") = "PropertyPortfolioManager.Server.Shared", "PropertyPortfolioManager.Server.Shared\PropertyPortfolioManager.Server.Shared.csproj", "{5967ECE5-4E4D-4796-9A87-7A8052823DEB}"
EndProject
Global
	GlobalSection(SolutionConfigurationPlatforms) = preSolution
		Debug|Any CPU = Debug|Any CPU
		Release|Any CPU = Release|Any CPU
	EndGlobalSection
	GlobalSection(ProjectConfigurationPlatforms) = postSolution
		{87EDC298-ED76-4BE7-818B-1402839332F0}.Debug|Any CPU.ActiveCfg = Debug|Any CPU
		{87EDC298-ED76-4BE7-818B-1402839332F0}.Debug|Any CPU.Build.0 = Debug|Any CPU
		{87EDC298-ED76-4BE7-818B-1402839332F0}.Release|Any CPU.ActiveCfg = Release|Any CPU
		{87EDC298-ED76-4BE7-818B-1402839332F0}.Release|Any CPU.Build.0 = Release|Any CPU
		{05DEB012-55A2-44C0-A464-637412F4D858}.Debug|Any CPU.ActiveCfg = Debug|Any CPU
		{05DEB012-55A2-44C0-A464-637412F4D858}.Debug|Any CPU.Build.0 = Debug|Any CPU
		{05DEB012-55A2-44C0-A464-637412F4D858}.Debug|Any CPU.Deploy.0 = Debug|Any CPU
		{05DEB012-55A2-44C0-A464-637412F4D858}.Release|Any CPU.ActiveCfg = Release|Any CPU
		{05DEB012-55A2-44C0-A464-637412F4D858}.Release|Any CPU.Build.0 = Release|Any CPU
		{05DEB012-55A2-44C0-A464-637412F4D858}.Release|Any CPU.Deploy.0 = Release|Any CPU
		{C68E4984-216E-4BA1-BDF3-A5B69E02D73A}.Debug|Any CPU.ActiveCfg = Debug|Any CPU
		{C68E4984-216E-4BA1-BDF3-A5B69E02D73A}.Debug|Any CPU.Build.0 = Debug|Any CPU
		{C68E4984-216E-4BA1-BDF3-A5B69E02D73A}.Release|Any CPU.ActiveCfg = Release|Any CPU
		{C68E4984-216E-4BA1-BDF3-A5B69E02D73A}.Release|Any CPU.Build.0 = Release|Any CPU
		{ED948B7E-C530-4E0E-B710-3E06BBA151F0}.Debug|Any CPU.ActiveCfg = Debug|Any CPU
		{ED948B7E-C530-4E0E-B710-3E06BBA151F0}.Debug|Any CPU.Build.0 = Debug|Any CPU
		{ED948B7E-C530-4E0E-B710-3E06BBA151F0}.Release|Any CPU.ActiveCfg = Release|Any CPU
		{ED948B7E-C530-4E0E-B710-3E06BBA151F0}.Release|Any CPU.Build.0 = Release|Any CPU
		{CF4C643A-3559-44C2-9BE1-824BAE8E50E1}.Debug|Any CPU.ActiveCfg = Debug|Any CPU
		{CF4C643A-3559-44C2-9BE1-824BAE8E50E1}.Debug|Any CPU.Build.0 = Debug|Any CPU
		{CF4C643A-3559-44C2-9BE1-824BAE8E50E1}.Release|Any CPU.ActiveCfg = Release|Any CPU
		{CF4C643A-3559-44C2-9BE1-824BAE8E50E1}.Release|Any CPU.Build.0 = Release|Any CPU
		{106A2328-BD64-49A1-A174-29CD8E512B1C}.Debug|Any CPU.ActiveCfg = Debug|Any CPU
		{106A2328-BD64-49A1-A174-29CD8E512B1C}.Debug|Any CPU.Build.0 = Debug|Any CPU
		{106A2328-BD64-49A1-A174-29CD8E512B1C}.Release|Any CPU.ActiveCfg = Release|Any CPU
		{106A2328-BD64-49A1-A174-29CD8E512B1C}.Release|Any CPU.Build.0 = Release|Any CPU
		{7CC7AF6F-AE5B-4D4D-94DB-FB72FBE94AF1}.Debug|Any CPU.ActiveCfg = Debug|Any CPU
		{7CC7AF6F-AE5B-4D4D-94DB-FB72FBE94AF1}.Debug|Any CPU.Build.0 = Debug|Any CPU
		{7CC7AF6F-AE5B-4D4D-94DB-FB72FBE94AF1}.Release|Any CPU.ActiveCfg = Release|Any CPU
		{7CC7AF6F-AE5B-4D4D-94DB-FB72FBE94AF1}.Release|Any CPU.Build.0 = Release|Any CPU
		{C649C1D9-CE1D-40C6-9195-DC2D204ADDCA}.Debug|Any CPU.ActiveCfg = Debug|Any CPU
		{C649C1D9-CE1D-40C6-9195-DC2D204ADDCA}.Debug|Any CPU.Build.0 = Debug|Any CPU
		{C649C1D9-CE1D-40C6-9195-DC2D204ADDCA}.Release|Any CPU.ActiveCfg = Release|Any CPU
		{C649C1D9-CE1D-40C6-9195-DC2D204ADDCA}.Release|Any CPU.Build.0 = Release|Any CPU
		{EB7E295B-3531-4F68-B890-7AF82AB44704}.Debug|Any CPU.ActiveCfg = Debug|Any CPU
		{EB7E295B-3531-4F68-B890-7AF82AB44704}.Debug|Any CPU.Build.0 = Debug|Any CPU
		{EB7E295B-3531-4F68-B890-7AF82AB44704}.Release|Any CPU.ActiveCfg = Release|Any CPU
		{EB7E295B-3531-4F68-B890-7AF82AB44704}.Release|Any CPU.Build.0 = Release|Any CPU
		{5967ECE5-4E4D-4796-9A87-7A8052823DEB}.Debug|Any CPU.ActiveCfg = Debug|Any CPU
		{5967ECE5-4E4D-4796-9A87-7A8052823DEB}.Debug|Any CPU.Build.0 = Debug|Any CPU
		{5967ECE5-4E4D-4796-9A87-7A8052823DEB}.Release|Any CPU.ActiveCfg = Release|Any CPU
		{5967ECE5-4E4D-4796-9A87-7A8052823DEB}.Release|Any CPU.Build.0 = Release|Any CPU
	EndGlobalSection
	GlobalSection(SolutionProperties) = preSolution
		HideSolutionNode = FALSE
	EndGlobalSection
	GlobalSection(ExtensibilityGlobals) = postSolution
		SolutionGuid = {9434998A-54E2-4C9D-A28E-118C2C55C7E4}
	EndGlobalSection
EndGlobal
